
Microsoft Visual Studio Solution File, Format Version 12.00
# Visual Studio 14
VisualStudioVersion = 14.0.24720.0
MinimumVisualStudioVersion = 10.0.40219.1
Project("{FAE04EC0-301F-11D3-BF4B-00C04F79EFBC}") = "Demo1teht1", "Demo1teht1.csproj", "{D245005F-9DFB-4D37-9A6D-49AC736FFFB9}"
EndProject
Project("{FAE04EC0-301F-11D3-BF4B-00C04F79EFBC}") = "Demo1teht2", "..\Demo2\Demo1teht2.csproj", "{4CB9EE3A-416F-4F65-93F3-A524BCA31B08}"
EndProject
Project("{FAE04EC0-301F-11D3-BF4B-00C04F79EFBC}") = "Demo1teht3", "Demo1teht3\Demo1teht3.csproj", "{48736CD3-5A71-46B9-B126-42EE31FBA0F7}"
EndProject
Project("{FAE04EC0-301F-11D3-BF4B-00C04F79EFBC}") = "Demo1teht4", "Demo1teht4\Demo1teht4.csproj", "{02713A21-2A34-40EF-B439-586328CC4FB5}"
EndProject
Project("{FAE04EC0-301F-11D3-BF4B-00C04F79EFBC}") = "Demo1teht5", "Demo1teht5\Demo1teht5.csproj", "{1ABC3D83-833C-48E7-9821-BD3920FC84F1}"
EndProject
Project("{FAE04EC0-301F-11D3-BF4B-00C04F79EFBC}") = "Demo1teht12", "Demo1teht12\Demo1teht12.csproj", "{1283E6C4-91FF-4C6F-8F0D-4C2189932FD6}"
EndProject
Project("{FAE04EC0-301F-11D3-BF4B-00C04F79EFBC}") = "Demo1teht13", "Demo1teht13\Demo1teht13.csproj", "{C20121EA-DC06-41B9-BBB7-713BFE561B79}"
EndProject
Project("{FAE04EC0-301F-11D3-BF4B-00C04F79EFBC}") = "Demo1teht16", "Demo1teht16\Demo1teht16.csproj", "{DBBBFCCB-B493-4536-B88D-F0AB873259ED}"
EndProject
Project("{FAE04EC0-301F-11D3-BF4B-00C04F79EFBC}") = "Demo1teht6", "..\Demo1teht6\Demo1teht6.csproj", "{E2083EA7-46CC-472C-951C-82FDB1C7BB79}"
EndProject
Project("{FAE04EC0-301F-11D3-BF4B-00C04F79EFBC}") = "Demo1teht11", "Demo1teht11\Demo1teht11.csproj", "{70CBBF02-315D-42AE-82EB-BBBD19BB48B4}"
EndProject
Project("{FAE04EC0-301F-11D3-BF4B-00C04F79EFBC}") = "Demo1teht10", "Demo1teht10\Demo1teht10.csproj", "{13FA5BD3-CB66-4C22-9059-5DC33CB374F9}"
EndProject
Project("{FAE04EC0-301F-11D3-BF4B-00C04F79EFBC}") = "Demo1teht7", "Demo1teht7\Demo1teht7.csproj", "{D087226A-EA44-4736-91AA-4A743EEE1F2B}"
EndProject
Project("{FAE04EC0-301F-11D3-BF4B-00C04F79EFBC}") = "Demo1teht8", "Demo1teht8\Demo1teht8.csproj", "{2994AA65-71A2-4B06-B90D-224FF43B4D94}"
EndProject
Project("{FAE04EC0-301F-11D3-BF4B-00C04F79EFBC}") = "Demo1teht9", "Demo1teht9\Demo1teht9.csproj", "{F28E695B-957A-481E-94F1-A538C274448D}"
EndProject
Project("{FAE04EC0-301F-11D3-BF4B-00C04F79EFBC}") = "Demo1teht14", "..\Demo1teht14\Demo1teht14.csproj", "{3BB473BD-1293-4165-9C9F-C1647992ED8A}"
EndProject
Project("{FAE04EC0-301F-11D3-BF4B-00C04F79EFBC}") = "Demo1teht17", "Demo1teht17\Demo1teht17.csproj", "{7501DDF3-0072-41F7-84B2-F562E7D99B43}"
EndProject
Project("{FAE04EC0-301F-11D3-BF4B-00C04F79EFBC}") = "Demo1teht18", "Demo1teht18\Demo1teht18.csproj", "{A048F2E4-355B-4DDB-A7A1-E130BACEBE72}"
EndProject
Project("{FAE04EC0-301F-11D3-BF4B-00C04F79EFBC}") = "Demo1teht19", "Demo1teht19\Demo1teht19.csproj", "{A193C32C-BD56-4997-B8E5-B594EA313FD3}"
EndProject
Project("{FAE04EC0-301F-11D3-BF4B-00C04F79EFBC}") = "Demo1teht15", "Demo1teht15\Demo1teht15.csproj", "{87EA8B95-69F3-47F8-9491-088DB5A73B99}"
EndProject
Global
	GlobalSection(SolutionConfigurationPlatforms) = preSolution
		Debug|Any CPU = Debug|Any CPU
		Release|Any CPU = Release|Any CPU
	EndGlobalSection
	GlobalSection(ProjectConfigurationPlatforms) = postSolution
		{D245005F-9DFB-4D37-9A6D-49AC736FFFB9}.Debug|Any CPU.ActiveCfg = Debug|Any CPU
		{D245005F-9DFB-4D37-9A6D-49AC736FFFB9}.Debug|Any CPU.Build.0 = Debug|Any CPU
		{D245005F-9DFB-4D37-9A6D-49AC736FFFB9}.Release|Any CPU.ActiveCfg = Release|Any CPU
		{D245005F-9DFB-4D37-9A6D-49AC736FFFB9}.Release|Any CPU.Build.0 = Release|Any CPU
		{4CB9EE3A-416F-4F65-93F3-A524BCA31B08}.Debug|Any CPU.ActiveCfg = Debug|Any CPU
		{4CB9EE3A-416F-4F65-93F3-A524BCA31B08}.Debug|Any CPU.Build.0 = Debug|Any CPU
		{4CB9EE3A-416F-4F65-93F3-A524BCA31B08}.Release|Any CPU.ActiveCfg = Release|Any CPU
		{4CB9EE3A-416F-4F65-93F3-A524BCA31B08}.Release|Any CPU.Build.0 = Release|Any CPU
		{48736CD3-5A71-46B9-B126-42EE31FBA0F7}.Debug|Any CPU.ActiveCfg = Debug|Any CPU
		{48736CD3-5A71-46B9-B126-42EE31FBA0F7}.Debug|Any CPU.Build.0 = Debug|Any CPU
		{48736CD3-5A71-46B9-B126-42EE31FBA0F7}.Release|Any CPU.ActiveCfg = Release|Any CPU
		{48736CD3-5A71-46B9-B126-42EE31FBA0F7}.Release|Any CPU.Build.0 = Release|Any CPU
		{02713A21-2A34-40EF-B439-586328CC4FB5}.Debug|Any CPU.ActiveCfg = Debug|Any CPU
		{02713A21-2A34-40EF-B439-586328CC4FB5}.Debug|Any CPU.Build.0 = Debug|Any CPU
		{02713A21-2A34-40EF-B439-586328CC4FB5}.Release|Any CPU.ActiveCfg = Release|Any CPU
		{02713A21-2A34-40EF-B439-586328CC4FB5}.Release|Any CPU.Build.0 = Release|Any CPU
		{1ABC3D83-833C-48E7-9821-BD3920FC84F1}.Debug|Any CPU.ActiveCfg = Debug|Any CPU
		{1ABC3D83-833C-48E7-9821-BD3920FC84F1}.Debug|Any CPU.Build.0 = Debug|Any CPU
		{1ABC3D83-833C-48E7-9821-BD3920FC84F1}.Release|Any CPU.ActiveCfg = Release|Any CPU
		{1ABC3D83-833C-48E7-9821-BD3920FC84F1}.Release|Any CPU.Build.0 = Release|Any CPU
		{1283E6C4-91FF-4C6F-8F0D-4C2189932FD6}.Debug|Any CPU.ActiveCfg = Debug|Any CPU
		{1283E6C4-91FF-4C6F-8F0D-4C2189932FD6}.Debug|Any CPU.Build.0 = Debug|Any CPU
		{1283E6C4-91FF-4C6F-8F0D-4C2189932FD6}.Release|Any CPU.ActiveCfg = Release|Any CPU
		{1283E6C4-91FF-4C6F-8F0D-4C2189932FD6}.Release|Any CPU.Build.0 = Release|Any CPU
		{C20121EA-DC06-41B9-BBB7-713BFE561B79}.Debug|Any CPU.ActiveCfg = Debug|Any CPU
		{C20121EA-DC06-41B9-BBB7-713BFE561B79}.Debug|Any CPU.Build.0 = Debug|Any CPU
		{C20121EA-DC06-41B9-BBB7-713BFE561B79}.Release|Any CPU.ActiveCfg = Release|Any CPU
		{C20121EA-DC06-41B9-BBB7-713BFE561B79}.Release|Any CPU.Build.0 = Release|Any CPU
		{DBBBFCCB-B493-4536-B88D-F0AB873259ED}.Debug|Any CPU.ActiveCfg = Debug|Any CPU
		{DBBBFCCB-B493-4536-B88D-F0AB873259ED}.Debug|Any CPU.Build.0 = Debug|Any CPU
		{DBBBFCCB-B493-4536-B88D-F0AB873259ED}.Release|Any CPU.ActiveCfg = Release|Any CPU
		{DBBBFCCB-B493-4536-B88D-F0AB873259ED}.Release|Any CPU.Build.0 = Release|Any CPU
		{E2083EA7-46CC-472C-951C-82FDB1C7BB79}.Debug|Any CPU.ActiveCfg = Debug|Any CPU
		{E2083EA7-46CC-472C-951C-82FDB1C7BB79}.Debug|Any CPU.Build.0 = Debug|Any CPU
		{E2083EA7-46CC-472C-951C-82FDB1C7BB79}.Release|Any CPU.ActiveCfg = Release|Any CPU
		{E2083EA7-46CC-472C-951C-82FDB1C7BB79}.Release|Any CPU.Build.0 = Release|Any CPU
		{70CBBF02-315D-42AE-82EB-BBBD19BB48B4}.Debug|Any CPU.ActiveCfg = Debug|Any CPU
		{70CBBF02-315D-42AE-82EB-BBBD19BB48B4}.Debug|Any CPU.Build.0 = Debug|Any CPU
		{70CBBF02-315D-42AE-82EB-BBBD19BB48B4}.Release|Any CPU.ActiveCfg = Release|Any CPU
		{70CBBF02-315D-42AE-82EB-BBBD19BB48B4}.Release|Any CPU.Build.0 = Release|Any CPU
		{13FA5BD3-CB66-4C22-9059-5DC33CB374F9}.Debug|Any CPU.ActiveCfg = Debug|Any CPU
		{13FA5BD3-CB66-4C22-9059-5DC33CB374F9}.Debug|Any CPU.Build.0 = Debug|Any CPU
		{13FA5BD3-CB66-4C22-9059-5DC33CB374F9}.Release|Any CPU.ActiveCfg = Release|Any CPU
		{13FA5BD3-CB66-4C22-9059-5DC33CB374F9}.Release|Any CPU.Build.0 = Release|Any CPU
		{D087226A-EA44-4736-91AA-4A743EEE1F2B}.Debug|Any CPU.ActiveCfg = Debug|Any CPU
		{D087226A-EA44-4736-91AA-4A743EEE1F2B}.Debug|Any CPU.Build.0 = Debug|Any CPU
		{D087226A-EA44-4736-91AA-4A743EEE1F2B}.Release|Any CPU.ActiveCfg = Release|Any CPU
		{D087226A-EA44-4736-91AA-4A743EEE1F2B}.Release|Any CPU.Build.0 = Release|Any CPU
		{2994AA65-71A2-4B06-B90D-224FF43B4D94}.Debug|Any CPU.ActiveCfg = Debug|Any CPU
		{2994AA65-71A2-4B06-B90D-224FF43B4D94}.Debug|Any CPU.Build.0 = Debug|Any CPU
		{2994AA65-71A2-4B06-B90D-224FF43B4D94}.Release|Any CPU.ActiveCfg = Release|Any CPU
		{2994AA65-71A2-4B06-B90D-224FF43B4D94}.Release|Any CPU.Build.0 = Release|Any CPU
		{F28E695B-957A-481E-94F1-A538C274448D}.Debug|Any CPU.ActiveCfg = Debug|Any CPU
		{F28E695B-957A-481E-94F1-A538C274448D}.Debug|Any CPU.Build.0 = Debug|Any CPU
		{F28E695B-957A-481E-94F1-A538C274448D}.Release|Any CPU.ActiveCfg = Release|Any CPU
		{F28E695B-957A-481E-94F1-A538C274448D}.Release|Any CPU.Build.0 = Release|Any CPU
		{3BB473BD-1293-4165-9C9F-C1647992ED8A}.Debug|Any CPU.ActiveCfg = Debug|Any CPU
		{3BB473BD-1293-4165-9C9F-C1647992ED8A}.Debug|Any CPU.Build.0 = Debug|Any CPU
		{3BB473BD-1293-4165-9C9F-C1647992ED8A}.Release|Any CPU.ActiveCfg = Release|Any CPU
		{3BB473BD-1293-4165-9C9F-C1647992ED8A}.Release|Any CPU.Build.0 = Release|Any CPU
		{7501DDF3-0072-41F7-84B2-F562E7D99B43}.Debug|Any CPU.ActiveCfg = Debug|Any CPU
		{7501DDF3-0072-41F7-84B2-F562E7D99B43}.Debug|Any CPU.Build.0 = Debug|Any CPU
		{7501DDF3-0072-41F7-84B2-F562E7D99B43}.Release|Any CPU.ActiveCfg = Release|Any CPU
		{7501DDF3-0072-41F7-84B2-F562E7D99B43}.Release|Any CPU.Build.0 = Release|Any CPU
		{A048F2E4-355B-4DDB-A7A1-E130BACEBE72}.Debug|Any CPU.ActiveCfg = Debug|Any CPU
		{A048F2E4-355B-4DDB-A7A1-E130BACEBE72}.Debug|Any CPU.Build.0 = Debug|Any CPU
		{A048F2E4-355B-4DDB-A7A1-E130BACEBE72}.Release|Any CPU.ActiveCfg = Release|Any CPU
		{A048F2E4-355B-4DDB-A7A1-E130BACEBE72}.Release|Any CPU.Build.0 = Release|Any CPU
		{A193C32C-BD56-4997-B8E5-B594EA313FD3}.Debug|Any CPU.ActiveCfg = Debug|Any CPU
		{A193C32C-BD56-4997-B8E5-B594EA313FD3}.Debug|Any CPU.Build.0 = Debug|Any CPU
		{A193C32C-BD56-4997-B8E5-B594EA313FD3}.Release|Any CPU.ActiveCfg = Release|Any CPU
		{A193C32C-BD56-4997-B8E5-B594EA313FD3}.Release|Any CPU.Build.0 = Release|Any CPU
		{87EA8B95-69F3-47F8-9491-088DB5A73B99}.Debug|Any CPU.ActiveCfg = Debug|Any CPU
		{87EA8B95-69F3-47F8-9491-088DB5A73B99}.Debug|Any CPU.Build.0 = Debug|Any CPU
		{87EA8B95-69F3-47F8-9491-088DB5A73B99}.Release|Any CPU.ActiveCfg = Release|Any CPU
		{87EA8B95-69F3-47F8-9491-088DB5A73B99}.Release|Any CPU.Build.0 = Release|Any CPU
	EndGlobalSection
	GlobalSection(SolutionProperties) = preSolution
		HideSolutionNode = FALSE
	EndGlobalSection
EndGlobal
